// !$*UTF8*$!
{
	archiveVersion = 1;
	classes = {
	};
	objectVersion = 56;
	objects = {

/* Begin PBXBuildFile section */
		2E0281F42BC4541300294F3D /* Alamofire in Frameworks */ = {isa = PBXBuildFile; productRef = 2E0281F32BC4541300294F3D /* Alamofire */; };
		2E0281F62BC4542D00294F3D /* AlamofireSearchAPIService.swift in Sources */ = {isa = PBXBuildFile; fileRef = 2E0281F52BC4542D00294F3D /* AlamofireSearchAPIService.swift */; };
		2E1BEE2E2BC2CBCB00F38501 /* AppDelegate.swift in Sources */ = {isa = PBXBuildFile; fileRef = 2E1BEE2D2BC2CBCB00F38501 /* AppDelegate.swift */; };
		2E1BEE302BC2CBCB00F38501 /* SceneDelegate.swift in Sources */ = {isa = PBXBuildFile; fileRef = 2E1BEE2F2BC2CBCB00F38501 /* SceneDelegate.swift */; };
		2E1BEE372BC2CBCC00F38501 /* Assets.xcassets in Resources */ = {isa = PBXBuildFile; fileRef = 2E1BEE362BC2CBCC00F38501 /* Assets.xcassets */; };
		2E1BEE3A2BC2CBCC00F38501 /* Base in Resources */ = {isa = PBXBuildFile; fileRef = 2E1BEE392BC2CBCC00F38501 /* Base */; };
		2E1BEE4C2BC2CE2100F38501 /* SearchViewController.swift in Sources */ = {isa = PBXBuildFile; fileRef = 2E1BEE4B2BC2CE2100F38501 /* SearchViewController.swift */; };
		2E1BEE4E2BC2D02300F38501 /* SearchModel.swift in Sources */ = {isa = PBXBuildFile; fileRef = 2E1BEE4D2BC2D02300F38501 /* SearchModel.swift */; };
		2E1BEE512BC2D13D00F38501 /* Then in Frameworks */ = {isa = PBXBuildFile; productRef = 2E1BEE502BC2D13D00F38501 /* Then */; };
		2E1BEE542BC2D15500F38501 /* RxCocoa in Frameworks */ = {isa = PBXBuildFile; productRef = 2E1BEE532BC2D15500F38501 /* RxCocoa */; };
		2E1BEE562BC2D15500F38501 /* RxRelay in Frameworks */ = {isa = PBXBuildFile; productRef = 2E1BEE552BC2D15500F38501 /* RxRelay */; };
		2E1BEE582BC2D15600F38501 /* RxSwift in Frameworks */ = {isa = PBXBuildFile; productRef = 2E1BEE572BC2D15500F38501 /* RxSwift */; };
		2E1BEE5B2BC2D16400F38501 /* SnapKit in Frameworks */ = {isa = PBXBuildFile; productRef = 2E1BEE5A2BC2D16400F38501 /* SnapKit */; };
		2E1BEE5D2BC2D1FD00F38501 /* SearchViewModel.swift in Sources */ = {isa = PBXBuildFile; fileRef = 2E1BEE5C2BC2D1FD00F38501 /* SearchViewModel.swift */; };
		2E1BEE622BC2D2A600F38501 /* SearchTableViewCell.swift in Sources */ = {isa = PBXBuildFile; fileRef = 2E1BEE612BC2D2A600F38501 /* SearchTableViewCell.swift */; };
		2E1BEE642BC2D3AC00F38501 /* SearchAPIService.swift in Sources */ = {isa = PBXBuildFile; fileRef = 2E1BEE632BC2D3AC00F38501 /* SearchAPIService.swift */; };
/* End PBXBuildFile section */

/* Begin PBXFileReference section */
		2E0281F52BC4542D00294F3D /* AlamofireSearchAPIService.swift */ = {isa = PBXFileReference; lastKnownFileType = sourcecode.swift; path = AlamofireSearchAPIService.swift; sourceTree = "<group>"; };
		2E1BEE2A2BC2CBCB00F38501 /* iTunesClone.app */ = {isa = PBXFileReference; explicitFileType = wrapper.application; includeInIndex = 0; path = iTunesClone.app; sourceTree = BUILT_PRODUCTS_DIR; };
		2E1BEE2D2BC2CBCB00F38501 /* AppDelegate.swift */ = {isa = PBXFileReference; lastKnownFileType = sourcecode.swift; path = AppDelegate.swift; sourceTree = "<group>"; };
		2E1BEE2F2BC2CBCB00F38501 /* SceneDelegate.swift */ = {isa = PBXFileReference; lastKnownFileType = sourcecode.swift; path = SceneDelegate.swift; sourceTree = "<group>"; };
		2E1BEE362BC2CBCC00F38501 /* Assets.xcassets */ = {isa = PBXFileReference; lastKnownFileType = folder.assetcatalog; path = Assets.xcassets; sourceTree = "<group>"; };
		2E1BEE392BC2CBCC00F38501 /* Base */ = {isa = PBXFileReference; lastKnownFileType = file.storyboard; name = Base; path = Base.lproj/LaunchScreen.storyboard; sourceTree = "<group>"; };
		2E1BEE3B2BC2CBCC00F38501 /* Info.plist */ = {isa = PBXFileReference; lastKnownFileType = text.plist.xml; path = Info.plist; sourceTree = "<group>"; };
		2E1BEE4B2BC2CE2100F38501 /* SearchViewController.swift */ = {isa = PBXFileReference; lastKnownFileType = sourcecode.swift; path = SearchViewController.swift; sourceTree = "<group>"; };
		2E1BEE4D2BC2D02300F38501 /* SearchModel.swift */ = {isa = PBXFileReference; lastKnownFileType = sourcecode.swift; path = SearchModel.swift; sourceTree = "<group>"; };
		2E1BEE5C2BC2D1FD00F38501 /* SearchViewModel.swift */ = {isa = PBXFileReference; lastKnownFileType = sourcecode.swift; path = SearchViewModel.swift; sourceTree = "<group>"; };
		2E1BEE612BC2D2A600F38501 /* SearchTableViewCell.swift */ = {isa = PBXFileReference; lastKnownFileType = sourcecode.swift; path = SearchTableViewCell.swift; sourceTree = "<group>"; };
		2E1BEE632BC2D3AC00F38501 /* SearchAPIService.swift */ = {isa = PBXFileReference; lastKnownFileType = sourcecode.swift; path = SearchAPIService.swift; sourceTree = "<group>"; };
/* End PBXFileReference section */

/* Begin PBXFrameworksBuildPhase section */
		2E1BEE272BC2CBCB00F38501 /* Frameworks */ = {
			isa = PBXFrameworksBuildPhase;
			buildActionMask = 2147483647;
			files = (
				2E1BEE562BC2D15500F38501 /* RxRelay in Frameworks */,
				2E1BEE542BC2D15500F38501 /* RxCocoa in Frameworks */,
				2E1BEE582BC2D15600F38501 /* RxSwift in Frameworks */,
				2E0281F42BC4541300294F3D /* Alamofire in Frameworks */,
				2E1BEE512BC2D13D00F38501 /* Then in Frameworks */,
				2E1BEE5B2BC2D16400F38501 /* SnapKit in Frameworks */,
			);
			runOnlyForDeploymentPostprocessing = 0;
		};
/* End PBXFrameworksBuildPhase section */

/* Begin PBXGroup section */
		2E1BEE212BC2CBCA00F38501 = {
			isa = PBXGroup;
			children = (
				2E1BEE2C2BC2CBCB00F38501 /* iTunesClone */,
				2E1BEE2B2BC2CBCB00F38501 /* Products */,
			);
			sourceTree = "<group>";
		};
		2E1BEE2B2BC2CBCB00F38501 /* Products */ = {
			isa = PBXGroup;
			children = (
				2E1BEE2A2BC2CBCB00F38501 /* iTunesClone.app */,
			);
			name = Products;
			sourceTree = "<group>";
		};
		2E1BEE2C2BC2CBCB00F38501 /* iTunesClone */ = {
			isa = PBXGroup;
			children = (
				2E1BEE412BC2CC3600F38501 /* App */,
				2E1BEE422BC2CC3B00F38501 /* Assets */,
				2E1BEE432BC2CC4200F38501 /* Domain */,
				2E1BEE442BC2CC5B00F38501 /* Pages */,
			);
			path = iTunesClone;
			sourceTree = "<group>";
		};
		2E1BEE412BC2CC3600F38501 /* App */ = {
			isa = PBXGroup;
			children = (
				2E1BEE2F2BC2CBCB00F38501 /* SceneDelegate.swift */,
				2E1BEE2D2BC2CBCB00F38501 /* AppDelegate.swift */,
				2E1BEE3B2BC2CBCC00F38501 /* Info.plist */,
			);
			path = App;
			sourceTree = "<group>";
		};
		2E1BEE422BC2CC3B00F38501 /* Assets */ = {
			isa = PBXGroup;
			children = (
				2E1BEE362BC2CBCC00F38501 /* Assets.xcassets */,
				2E1BEE382BC2CBCC00F38501 /* LaunchScreen.storyboard */,
			);
			path = Assets;
			sourceTree = "<group>";
		};
		2E1BEE432BC2CC4200F38501 /* Domain */ = {
			isa = PBXGroup;
			children = (
				2E1BEE472BC2CCA800F38501 /* Service */,
				2E1BEE462BC2CCA300F38501 /* Model */,
			);
			path = Domain;
			sourceTree = "<group>";
		};
		2E1BEE442BC2CC5B00F38501 /* Pages */ = {
			isa = PBXGroup;
			children = (
				2E1BEE4A2BC2CDF200F38501 /* ResultDetail */,
				2E1BEE482BC2CDE600F38501 /* Search */,
				2E1BEE602BC2D22700F38501 /* TableViewCell */,
				2E1BEE452BC2CC6A00F38501 /* Utils */,
			);
			path = Pages;
			sourceTree = "<group>";
		};
		2E1BEE452BC2CC6A00F38501 /* Utils */ = {
			isa = PBXGroup;
			children = (
			);
			path = Utils;
			sourceTree = "<group>";
		};
		2E1BEE462BC2CCA300F38501 /* Model */ = {
			isa = PBXGroup;
			children = (
				2E1BEE4D2BC2D02300F38501 /* SearchModel.swift */,
			);
			path = Model;
			sourceTree = "<group>";
		};
		2E1BEE472BC2CCA800F38501 /* Service */ = {
			isa = PBXGroup;
			children = (
				2E1BEE632BC2D3AC00F38501 /* SearchAPIService.swift */,
				2E0281F52BC4542D00294F3D /* AlamofireSearchAPIService.swift */,
			);
			path = Service;
			sourceTree = "<group>";
		};
		2E1BEE482BC2CDE600F38501 /* Search */ = {
			isa = PBXGroup;
			children = (
				2E1BEE5F2BC2D22300F38501 /* ViewModel */,
				2E1BEE5E2BC2D21E00F38501 /* ViewController */,
			);
			path = Search;
			sourceTree = "<group>";
		};
		2E1BEE4A2BC2CDF200F38501 /* ResultDetail */ = {
			isa = PBXGroup;
			children = (
			);
			path = ResultDetail;
			sourceTree = "<group>";
		};
		2E1BEE5E2BC2D21E00F38501 /* ViewController */ = {
			isa = PBXGroup;
			children = (
				2E1BEE4B2BC2CE2100F38501 /* SearchViewController.swift */,
			);
			path = ViewController;
			sourceTree = "<group>";
		};
		2E1BEE5F2BC2D22300F38501 /* ViewModel */ = {
			isa = PBXGroup;
			children = (
				2E1BEE5C2BC2D1FD00F38501 /* SearchViewModel.swift */,
			);
			path = ViewModel;
			sourceTree = "<group>";
		};
		2E1BEE602BC2D22700F38501 /* TableViewCell */ = {
			isa = PBXGroup;
			children = (
				2E1BEE612BC2D2A600F38501 /* SearchTableViewCell.swift */,
			);
			path = TableViewCell;
			sourceTree = "<group>";
		};
/* End PBXGroup section */

/* Begin PBXNativeTarget section */
		2E1BEE292BC2CBCB00F38501 /* iTunesClone */ = {
			isa = PBXNativeTarget;
			buildConfigurationList = 2E1BEE3E2BC2CBCC00F38501 /* Build configuration list for PBXNativeTarget "iTunesClone" */;
			buildPhases = (
				2E1BEE262BC2CBCB00F38501 /* Sources */,
				2E1BEE272BC2CBCB00F38501 /* Frameworks */,
				2E1BEE282BC2CBCB00F38501 /* Resources */,
			);
			buildRules = (
			);
			dependencies = (
			);
			name = iTunesClone;
			packageProductDependencies = (
				2E1BEE502BC2D13D00F38501 /* Then */,
				2E1BEE532BC2D15500F38501 /* RxCocoa */,
				2E1BEE552BC2D15500F38501 /* RxRelay */,
				2E1BEE572BC2D15500F38501 /* RxSwift */,
				2E1BEE5A2BC2D16400F38501 /* SnapKit */,
				2E0281F32BC4541300294F3D /* Alamofire */,
			);
			productName = iTunesClone;
			productReference = 2E1BEE2A2BC2CBCB00F38501 /* iTunesClone.app */;
			productType = "com.apple.product-type.application";
		};
/* End PBXNativeTarget section */

/* Begin PBXProject section */
		2E1BEE222BC2CBCA00F38501 /* Project object */ = {
			isa = PBXProject;
			attributes = {
				BuildIndependentTargetsInParallel = 1;
				LastSwiftUpdateCheck = 1530;
				LastUpgradeCheck = 1530;
				TargetAttributes = {
					2E1BEE292BC2CBCB00F38501 = {
						CreatedOnToolsVersion = 15.3;
					};
				};
			};
			buildConfigurationList = 2E1BEE252BC2CBCA00F38501 /* Build configuration list for PBXProject "iTunesClone" */;
			compatibilityVersion = "Xcode 14.0";
			developmentRegion = en;
			hasScannedForEncodings = 0;
			knownRegions = (
				en,
				Base,
			);
			mainGroup = 2E1BEE212BC2CBCA00F38501;
			packageReferences = (
				2E1BEE4F2BC2D13D00F38501 /* XCRemoteSwiftPackageReference "Then" */,
				2E1BEE522BC2D15500F38501 /* XCRemoteSwiftPackageReference "RxSwift" */,
				2E1BEE592BC2D16400F38501 /* XCRemoteSwiftPackageReference "SnapKit" */,
				2E0281F22BC4541300294F3D /* XCRemoteSwiftPackageReference "Alamofire" */,
			);
			productRefGroup = 2E1BEE2B2BC2CBCB00F38501 /* Products */;
			projectDirPath = "";
			projectRoot = "";
			targets = (
				2E1BEE292BC2CBCB00F38501 /* iTunesClone */,
			);
		};
/* End PBXProject section */

/* Begin PBXResourcesBuildPhase section */
		2E1BEE282BC2CBCB00F38501 /* Resources */ = {
			isa = PBXResourcesBuildPhase;
			buildActionMask = 2147483647;
			files = (
				2E1BEE372BC2CBCC00F38501 /* Assets.xcassets in Resources */,
				2E1BEE3A2BC2CBCC00F38501 /* Base in Resources */,
			);
			runOnlyForDeploymentPostprocessing = 0;
		};
/* End PBXResourcesBuildPhase section */

/* Begin PBXSourcesBuildPhase section */
		2E1BEE262BC2CBCB00F38501 /* Sources */ = {
			isa = PBXSourcesBuildPhase;
			buildActionMask = 2147483647;
			files = (
				2E1BEE4C2BC2CE2100F38501 /* SearchViewController.swift in Sources */,
				2E1BEE5D2BC2D1FD00F38501 /* SearchViewModel.swift in Sources */,
				2E1BEE642BC2D3AC00F38501 /* SearchAPIService.swift in Sources */,
				2E0281F62BC4542D00294F3D /* AlamofireSearchAPIService.swift in Sources */,
				2E1BEE2E2BC2CBCB00F38501 /* AppDelegate.swift in Sources */,
				2E1BEE622BC2D2A600F38501 /* SearchTableViewCell.swift in Sources */,
				2E1BEE302BC2CBCB00F38501 /* SceneDelegate.swift in Sources */,
				2E1BEE4E2BC2D02300F38501 /* SearchModel.swift in Sources */,
			);
			runOnlyForDeploymentPostprocessing = 0;
		};
/* End PBXSourcesBuildPhase section */

/* Begin PBXVariantGroup section */
		2E1BEE382BC2CBCC00F38501 /* LaunchScreen.storyboard */ = {
			isa = PBXVariantGroup;
			children = (
				2E1BEE392BC2CBCC00F38501 /* Base */,
			);
			name = LaunchScreen.storyboard;
			sourceTree = "<group>";
		};
/* End PBXVariantGroup section */

/* Begin XCBuildConfiguration section */
		2E1BEE3C2BC2CBCC00F38501 /* Debug */ = {
			isa = XCBuildConfiguration;
			buildSettings = {
				ALWAYS_SEARCH_USER_PATHS = NO;
				ASSETCATALOG_COMPILER_GENERATE_SWIFT_ASSET_SYMBOL_EXTENSIONS = YES;
				CLANG_ANALYZER_NONNULL = YES;
				CLANG_ANALYZER_NUMBER_OBJECT_CONVERSION = YES_AGGRESSIVE;
				CLANG_CXX_LANGUAGE_STANDARD = "gnu++20";
				CLANG_ENABLE_MODULES = YES;
				CLANG_ENABLE_OBJC_ARC = YES;
				CLANG_ENABLE_OBJC_WEAK = YES;
				CLANG_WARN_BLOCK_CAPTURE_AUTORELEASING = YES;
				CLANG_WARN_BOOL_CONVERSION = YES;
				CLANG_WARN_COMMA = YES;
				CLANG_WARN_CONSTANT_CONVERSION = YES;
				CLANG_WARN_DEPRECATED_OBJC_IMPLEMENTATIONS = YES;
				CLANG_WARN_DIRECT_OBJC_ISA_USAGE = YES_ERROR;
				CLANG_WARN_DOCUMENTATION_COMMENTS = YES;
				CLANG_WARN_EMPTY_BODY = YES;
				CLANG_WARN_ENUM_CONVERSION = YES;
				CLANG_WARN_INFINITE_RECURSION = YES;
				CLANG_WARN_INT_CONVERSION = YES;
				CLANG_WARN_NON_LITERAL_NULL_CONVERSION = YES;
				CLANG_WARN_OBJC_IMPLICIT_RETAIN_SELF = YES;
				CLANG_WARN_OBJC_LITERAL_CONVERSION = YES;
				CLANG_WARN_OBJC_ROOT_CLASS = YES_ERROR;
				CLANG_WARN_QUOTED_INCLUDE_IN_FRAMEWORK_HEADER = YES;
				CLANG_WARN_RANGE_LOOP_ANALYSIS = YES;
				CLANG_WARN_STRICT_PROTOTYPES = YES;
				CLANG_WARN_SUSPICIOUS_MOVE = YES;
				CLANG_WARN_UNGUARDED_AVAILABILITY = YES_AGGRESSIVE;
				CLANG_WARN_UNREACHABLE_CODE = YES;
				CLANG_WARN__DUPLICATE_METHOD_MATCH = YES;
				COPY_PHASE_STRIP = NO;
				DEBUG_INFORMATION_FORMAT = dwarf;
				ENABLE_STRICT_OBJC_MSGSEND = YES;
				ENABLE_TESTABILITY = YES;
				ENABLE_USER_SCRIPT_SANDBOXING = YES;
				GCC_C_LANGUAGE_STANDARD = gnu17;
				GCC_DYNAMIC_NO_PIC = NO;
				GCC_NO_COMMON_BLOCKS = YES;
				GCC_OPTIMIZATION_LEVEL = 0;
				GCC_PREPROCESSOR_DEFINITIONS = (
					"DEBUG=1",
					"$(inherited)",
				);
				GCC_WARN_64_TO_32_BIT_CONVERSION = YES;
				GCC_WARN_ABOUT_RETURN_TYPE = YES_ERROR;
				GCC_WARN_UNDECLARED_SELECTOR = YES;
				GCC_WARN_UNINITIALIZED_AUTOS = YES_AGGRESSIVE;
				GCC_WARN_UNUSED_FUNCTION = YES;
				GCC_WARN_UNUSED_VARIABLE = YES;
				IPHONEOS_DEPLOYMENT_TARGET = 17.4;
				LOCALIZATION_PREFERS_STRING_CATALOGS = YES;
				MTL_ENABLE_DEBUG_INFO = INCLUDE_SOURCE;
				MTL_FAST_MATH = YES;
				ONLY_ACTIVE_ARCH = YES;
				SDKROOT = iphoneos;
				SWIFT_ACTIVE_COMPILATION_CONDITIONS = "DEBUG $(inherited)";
				SWIFT_OPTIMIZATION_LEVEL = "-Onone";
			};
			name = Debug;
		};
		2E1BEE3D2BC2CBCC00F38501 /* Release */ = {
			isa = XCBuildConfiguration;
			buildSettings = {
				ALWAYS_SEARCH_USER_PATHS = NO;
				ASSETCATALOG_COMPILER_GENERATE_SWIFT_ASSET_SYMBOL_EXTENSIONS = YES;
				CLANG_ANALYZER_NONNULL = YES;
				CLANG_ANALYZER_NUMBER_OBJECT_CONVERSION = YES_AGGRESSIVE;
				CLANG_CXX_LANGUAGE_STANDARD = "gnu++20";
				CLANG_ENABLE_MODULES = YES;
				CLANG_ENABLE_OBJC_ARC = YES;
				CLANG_ENABLE_OBJC_WEAK = YES;
				CLANG_WARN_BLOCK_CAPTURE_AUTORELEASING = YES;
				CLANG_WARN_BOOL_CONVERSION = YES;
				CLANG_WARN_COMMA = YES;
				CLANG_WARN_CONSTANT_CONVERSION = YES;
				CLANG_WARN_DEPRECATED_OBJC_IMPLEMENTATIONS = YES;
				CLANG_WARN_DIRECT_OBJC_ISA_USAGE = YES_ERROR;
				CLANG_WARN_DOCUMENTATION_COMMENTS = YES;
				CLANG_WARN_EMPTY_BODY = YES;
				CLANG_WARN_ENUM_CONVERSION = YES;
				CLANG_WARN_INFINITE_RECURSION = YES;
				CLANG_WARN_INT_CONVERSION = YES;
				CLANG_WARN_NON_LITERAL_NULL_CONVERSION = YES;
				CLANG_WARN_OBJC_IMPLICIT_RETAIN_SELF = YES;
				CLANG_WARN_OBJC_LITERAL_CONVERSION = YES;
				CLANG_WARN_OBJC_ROOT_CLASS = YES_ERROR;
				CLANG_WARN_QUOTED_INCLUDE_IN_FRAMEWORK_HEADER = YES;
				CLANG_WARN_RANGE_LOOP_ANALYSIS = YES;
				CLANG_WARN_STRICT_PROTOTYPES = YES;
				CLANG_WARN_SUSPICIOUS_MOVE = YES;
				CLANG_WARN_UNGUARDED_AVAILABILITY = YES_AGGRESSIVE;
				CLANG_WARN_UNREACHABLE_CODE = YES;
				CLANG_WARN__DUPLICATE_METHOD_MATCH = YES;
				COPY_PHASE_STRIP = NO;
				DEBUG_INFORMATION_FORMAT = "dwarf-with-dsym";
				ENABLE_NS_ASSERTIONS = NO;
				ENABLE_STRICT_OBJC_MSGSEND = YES;
				ENABLE_USER_SCRIPT_SANDBOXING = YES;
				GCC_C_LANGUAGE_STANDARD = gnu17;
				GCC_NO_COMMON_BLOCKS = YES;
				GCC_WARN_64_TO_32_BIT_CONVERSION = YES;
				GCC_WARN_ABOUT_RETURN_TYPE = YES_ERROR;
				GCC_WARN_UNDECLARED_SELECTOR = YES;
				GCC_WARN_UNINITIALIZED_AUTOS = YES_AGGRESSIVE;
				GCC_WARN_UNUSED_FUNCTION = YES;
				GCC_WARN_UNUSED_VARIABLE = YES;
				IPHONEOS_DEPLOYMENT_TARGET = 17.4;
				LOCALIZATION_PREFERS_STRING_CATALOGS = YES;
				MTL_ENABLE_DEBUG_INFO = NO;
				MTL_FAST_MATH = YES;
				SDKROOT = iphoneos;
				SWIFT_COMPILATION_MODE = wholemodule;
				VALIDATE_PRODUCT = YES;
			};
			name = Release;
		};
		2E1BEE3F2BC2CBCC00F38501 /* Debug */ = {
			isa = XCBuildConfiguration;
			buildSettings = {
				ASSETCATALOG_COMPILER_APPICON_NAME = AppIcon;
				ASSETCATALOG_COMPILER_GLOBAL_ACCENT_COLOR_NAME = AccentColor;
				CODE_SIGN_STYLE = Automatic;
				CURRENT_PROJECT_VERSION = 1;
				DEVELOPMENT_TEAM = Q37X3LG46V;
				GENERATE_INFOPLIST_FILE = YES;
				INFOPLIST_FILE = iTunesClone/App/Info.plist;
				INFOPLIST_KEY_UIApplicationSupportsIndirectInputEvents = YES;
				INFOPLIST_KEY_UILaunchStoryboardName = LaunchScreen;
				INFOPLIST_KEY_UIMainStoryboardFile = "";
				INFOPLIST_KEY_UISupportedInterfaceOrientations_iPad = "UIInterfaceOrientationPortrait UIInterfaceOrientationPortraitUpsideDown UIInterfaceOrientationLandscapeLeft UIInterfaceOrientationLandscapeRight";
				INFOPLIST_KEY_UISupportedInterfaceOrientations_iPhone = "UIInterfaceOrientationPortrait UIInterfaceOrientationLandscapeLeft UIInterfaceOrientationLandscapeRight";
				LD_RUNPATH_SEARCH_PATHS = (
					"$(inherited)",
					"@executable_path/Frameworks",
				);
				MARKETING_VERSION = 1.0;
				PRODUCT_BUNDLE_IDENTIFIER = hwijin.iTunesClone;
				PRODUCT_NAME = "$(TARGET_NAME)";
				SWIFT_EMIT_LOC_STRINGS = YES;
				SWIFT_VERSION = 5.0;
				TARGETED_DEVICE_FAMILY = "1,2";
			};
			name = Debug;
		};
		2E1BEE402BC2CBCC00F38501 /* Release */ = {
			isa = XCBuildConfiguration;
			buildSettings = {
				ASSETCATALOG_COMPILER_APPICON_NAME = AppIcon;
				ASSETCATALOG_COMPILER_GLOBAL_ACCENT_COLOR_NAME = AccentColor;
				CODE_SIGN_STYLE = Automatic;
				CURRENT_PROJECT_VERSION = 1;
				DEVELOPMENT_TEAM = Q37X3LG46V;
				GENERATE_INFOPLIST_FILE = YES;
				INFOPLIST_FILE = iTunesClone/App/Info.plist;
				INFOPLIST_KEY_UIApplicationSupportsIndirectInputEvents = YES;
				INFOPLIST_KEY_UILaunchStoryboardName = LaunchScreen;
				INFOPLIST_KEY_UIMainStoryboardFile = "";
				INFOPLIST_KEY_UISupportedInterfaceOrientations_iPad = "UIInterfaceOrientationPortrait UIInterfaceOrientationPortraitUpsideDown UIInterfaceOrientationLandscapeLeft UIInterfaceOrientationLandscapeRight";
				INFOPLIST_KEY_UISupportedInterfaceOrientations_iPhone = "UIInterfaceOrientationPortrait UIInterfaceOrientationLandscapeLeft UIInterfaceOrientationLandscapeRight";
				LD_RUNPATH_SEARCH_PATHS = (
					"$(inherited)",
					"@executable_path/Frameworks",
				);
				MARKETING_VERSION = 1.0;
				PRODUCT_BUNDLE_IDENTIFIER = hwijin.iTunesClone;
				PRODUCT_NAME = "$(TARGET_NAME)";
				SWIFT_EMIT_LOC_STRINGS = YES;
				SWIFT_VERSION = 5.0;
				TARGETED_DEVICE_FAMILY = "1,2";
			};
			name = Release;
		};
/* End XCBuildConfiguration section */

/* Begin XCConfigurationList section */
		2E1BEE252BC2CBCA00F38501 /* Build configuration list for PBXProject "iTunesClone" */ = {
			isa = XCConfigurationList;
			buildConfigurations = (
				2E1BEE3C2BC2CBCC00F38501 /* Debug */,
				2E1BEE3D2BC2CBCC00F38501 /* Release */,
			);
			defaultConfigurationIsVisible = 0;
			defaultConfigurationName = Release;
		};
		2E1BEE3E2BC2CBCC00F38501 /* Build configuration list for PBXNativeTarget "iTunesClone" */ = {
			isa = XCConfigurationList;
			buildConfigurations = (
				2E1BEE3F2BC2CBCC00F38501 /* Debug */,
				2E1BEE402BC2CBCC00F38501 /* Release */,
			);
			defaultConfigurationIsVisible = 0;
			defaultConfigurationName = Release;
		};
/* End XCConfigurationList section */

/* Begin XCRemoteSwiftPackageReference section */
		2E0281F22BC4541300294F3D /* XCRemoteSwiftPackageReference "Alamofire" */ = {
			isa = XCRemoteSwiftPackageReference;
			repositoryURL = "https://github.com/Alamofire/Alamofire";
			requirement = {
				kind = upToNextMajorVersion;
				minimumVersion = 5.9.1;
			};
		};
		2E1BEE4F2BC2D13D00F38501 /* XCRemoteSwiftPackageReference "Then" */ = {
			isa = XCRemoteSwiftPackageReference;
			repositoryURL = "https://github.com/devxoul/Then";
			requirement = {
				kind = upToNextMajorVersion;
				minimumVersion = 3.0.0;
			};
		};
		2E1BEE522BC2D15500F38501 /* XCRemoteSwiftPackageReference "RxSwift" */ = {
			isa = XCRemoteSwiftPackageReference;
			repositoryURL = "https://github.com/ReactiveX/RxSwift.git";
			requirement = {
				kind = upToNextMajorVersion;
				minimumVersion = 6.6.0;
			};
		};
		2E1BEE592BC2D16400F38501 /* XCRemoteSwiftPackageReference "SnapKit" */ = {
			isa = XCRemoteSwiftPackageReference;
			repositoryURL = "https://github.com/SnapKit/SnapKit.git";
			requirement = {
				kind = upToNextMajorVersion;
				minimumVersion = 5.7.1;
			};
		};
/* End XCRemoteSwiftPackageReference section */

/* Begin XCSwiftPackageProductDependency section */
		2E0281F32BC4541300294F3D /* Alamofire */ = {
			isa = XCSwiftPackageProductDependency;
			package = 2E0281F22BC4541300294F3D /* XCRemoteSwiftPackageReference "Alamofire" */;
			productName = Alamofire;
		};
		2E1BEE502BC2D13D00F38501 /* Then */ = {
			isa = XCSwiftPackageProductDependency;
			package = 2E1BEE4F2BC2D13D00F38501 /* XCRemoteSwiftPackageReference "Then" */;
			productName = Then;
		};
		2E1BEE532BC2D15500F38501 /* RxCocoa */ = {
			isa = XCSwiftPackageProductDependency;
			package = 2E1BEE522BC2D15500F38501 /* XCRemoteSwiftPackageReference "RxSwift" */;
			productName = RxCocoa;
		};
		2E1BEE552BC2D15500F38501 /* RxRelay */ = {
			isa = XCSwiftPackageProductDependency;
			package = 2E1BEE522BC2D15500F38501 /* XCRemoteSwiftPackageReference "RxSwift" */;
			productName = RxRelay;
		};
		2E1BEE572BC2D15500F38501 /* RxSwift */ = {
			isa = XCSwiftPackageProductDependency;
			package = 2E1BEE522BC2D15500F38501 /* XCRemoteSwiftPackageReference "RxSwift" */;
			productName = RxSwift;
		};
		2E1BEE5A2BC2D16400F38501 /* SnapKit */ = {
			isa = XCSwiftPackageProductDependency;
			package = 2E1BEE592BC2D16400F38501 /* XCRemoteSwiftPackageReference "SnapKit" */;
			productName = SnapKit;
		};
/* End XCSwiftPackageProductDependency section */
	};
	rootObject = 2E1BEE222BC2CBCA00F38501 /* Project object */;
}
